
Microsoft Visual Studio Solution File, Format Version 12.00
# Visual Studio Version 16
VisualStudioVersion = 16.0.30717.126
MinimumVisualStudioVersion = 10.0.40219.1
Project("{FAE04EC0-301F-11D3-BF4B-00C04F79EFBC}") = "Day03", "Day03.csproj", "{04D10554-AE31-4E15-B668-7024D257B876}"
EndProject
Global
	GlobalSection(SolutionConfigurationPlatforms) = preSolution
		Debug|Any CPU = Debug|Any CPU
		Release|Any CPU = Release|Any CPU
	EndGlobalSection
	GlobalSection(ProjectConfigurationPlatforms) = postSolution
		{04D10554-AE31-4E15-B668-7024D257B876}.Debug|Any CPU.ActiveCfg = Debug|Any CPU
		{04D10554-AE31-4E15-B668-7024D257B876}.Debug|Any CPU.Build.0 = Debug|Any CPU
		{04D10554-AE31-4E15-B668-7024D257B876}.Release|Any CPU.ActiveCfg = Release|Any CPU
		{04D10554-AE31-4E15-B668-7024D257B876}.Release|Any CPU.Build.0 = Release|Any CPU
	EndGlobalSection
	GlobalSection(SolutionProperties) = preSolution
		HideSolutionNode = FALSE
	EndGlobalSection
	GlobalSection(ExtensibilityGlobals) = postSolution
		SolutionGuid = {A8573FBD-6BB2-425A-97F2-5826744BC393}
	EndGlobalSection
EndGlobal
